
Microsoft Visual Studio Solution File, Format Version 12.00
# Visual Studio Version 17
VisualStudioVersion = 17.1.32328.378
MinimumVisualStudioVersion = 10.0.40219.1
Project("{9A19103F-16F7-4668-BE54-9A1E7A4F7556}") = "Business", "Business\Business.csproj", "{3B4D586A-1234-42BD-8462-15C36F829324}"
EndProject
Project("{9A19103F-16F7-4668-BE54-9A1E7A4F7556}") = "DataAccess", "DataAccess\DataAccess.csproj", "{2D9F1AB1-E3EE-4627-B8A2-BDD56121ABA3}"
EndProject
Project("{9A19103F-16F7-4668-BE54-9A1E7A4F7556}") = "Core", "Core\Core.csproj", "{477FC538-C378-4805-80DC-D9C1D20E070A}"
EndProject
Project("{9A19103F-16F7-4668-BE54-9A1E7A4F7556}") = "Entities", "Entities\Entities.csproj", "{86023DD4-E894-4360-9180-ACDC21211BC8}"
EndProject
Project("{9A19103F-16F7-4668-BE54-9A1E7A4F7556}") = "WebAPI", "WebAPI\WebAPI.csproj", "{0DEE5307-6862-4966-891A-43B4D60DBA71}"
EndProject
Project("{9A19103F-16F7-4668-BE54-9A1E7A4F7556}") = "Web", "Web\Web.csproj", "{54774ABB-D3D8-4ED6-8B53-21B388CACB52}"
EndProject
Global
	GlobalSection(SolutionConfigurationPlatforms) = preSolution
		Debug|Any CPU = Debug|Any CPU
		Release|Any CPU = Release|Any CPU
	EndGlobalSection
	GlobalSection(ProjectConfigurationPlatforms) = postSolution
		{3B4D586A-1234-42BD-8462-15C36F829324}.Debug|Any CPU.ActiveCfg = Debug|Any CPU
		{3B4D586A-1234-42BD-8462-15C36F829324}.Debug|Any CPU.Build.0 = Debug|Any CPU
		{3B4D586A-1234-42BD-8462-15C36F829324}.Release|Any CPU.ActiveCfg = Release|Any CPU
		{3B4D586A-1234-42BD-8462-15C36F829324}.Release|Any CPU.Build.0 = Release|Any CPU
		{2D9F1AB1-E3EE-4627-B8A2-BDD56121ABA3}.Debug|Any CPU.ActiveCfg = Debug|Any CPU
		{2D9F1AB1-E3EE-4627-B8A2-BDD56121ABA3}.Debug|Any CPU.Build.0 = Debug|Any CPU
		{2D9F1AB1-E3EE-4627-B8A2-BDD56121ABA3}.Release|Any CPU.ActiveCfg = Release|Any CPU
		{2D9F1AB1-E3EE-4627-B8A2-BDD56121ABA3}.Release|Any CPU.Build.0 = Release|Any CPU
		{477FC538-C378-4805-80DC-D9C1D20E070A}.Debug|Any CPU.ActiveCfg = Debug|Any CPU
		{477FC538-C378-4805-80DC-D9C1D20E070A}.Debug|Any CPU.Build.0 = Debug|Any CPU
		{477FC538-C378-4805-80DC-D9C1D20E070A}.Release|Any CPU.ActiveCfg = Release|Any CPU
		{477FC538-C378-4805-80DC-D9C1D20E070A}.Release|Any CPU.Build.0 = Release|Any CPU
		{86023DD4-E894-4360-9180-ACDC21211BC8}.Debug|Any CPU.ActiveCfg = Debug|Any CPU
		{86023DD4-E894-4360-9180-ACDC21211BC8}.Debug|Any CPU.Build.0 = Debug|Any CPU
		{86023DD4-E894-4360-9180-ACDC21211BC8}.Release|Any CPU.ActiveCfg = Release|Any CPU
		{86023DD4-E894-4360-9180-ACDC21211BC8}.Release|Any CPU.Build.0 = Release|Any CPU
		{0DEE5307-6862-4966-891A-43B4D60DBA71}.Debug|Any CPU.ActiveCfg = Debug|Any CPU
		{0DEE5307-6862-4966-891A-43B4D60DBA71}.Debug|Any CPU.Build.0 = Debug|Any CPU
		{0DEE5307-6862-4966-891A-43B4D60DBA71}.Release|Any CPU.ActiveCfg = Release|Any CPU
		{0DEE5307-6862-4966-891A-43B4D60DBA71}.Release|Any CPU.Build.0 = Release|Any CPU
		{54774ABB-D3D8-4ED6-8B53-21B388CACB52}.Debug|Any CPU.ActiveCfg = Debug|Any CPU
		{54774ABB-D3D8-4ED6-8B53-21B388CACB52}.Debug|Any CPU.Build.0 = Debug|Any CPU
		{54774ABB-D3D8-4ED6-8B53-21B388CACB52}.Release|Any CPU.ActiveCfg = Release|Any CPU
		{54774ABB-D3D8-4ED6-8B53-21B388CACB52}.Release|Any CPU.Build.0 = Release|Any CPU
	EndGlobalSection
	GlobalSection(SolutionProperties) = preSolution
		HideSolutionNode = FALSE
	EndGlobalSection
	GlobalSection(ExtensibilityGlobals) = postSolution
		SolutionGuid = {7D4126B0-DB9D-4EF8-9DAD-9833F2BA3EFA}
	EndGlobalSection
EndGlobal
